
Microsoft Visual Studio Solution File, Format Version 12.00
# Visual Studio Version 17
VisualStudioVersion = 17.1.32407.343
MinimumVisualStudioVersion = 10.0.40219.1
Project("{2150E333-8FDC-42A3-9474-1A3956D46DE8}") = "src", "src", "{5A3D24DA-06F4-4A3F-8259-14ECB27CE6E5}"
EndProject
Project("{2150E333-8FDC-42A3-9474-1A3956D46DE8}") = "BuildingBlocks", "BuildingBlocks", "{3ED13776-1AB5-48F5-B6A7-F6D6C58E8595}"
EndProject
Project("{2150E333-8FDC-42A3-9474-1A3956D46DE8}") = "Services", "Services", "{4546CE25-3627-4281-8BAC-E81151507D07}"
EndProject
Project("{2150E333-8FDC-42A3-9474-1A3956D46DE8}") = "Booking", "Booking", "{2D340AB1-C8E4-42B5-9953-6B2A4EBA0566}"
EndProject
Project("{9A19103F-16F7-4668-BE54-9A1E7A4F7556}") = "Booking.Domain", "Booking.Domain\Booking.Domain.csproj", "{A231A6AC-F7B1-4C63-9B50-AA0F23330A99}"
EndProject
Project("{9A19103F-16F7-4668-BE54-9A1E7A4F7556}") = "Booking.Api", "Booking.Api\Booking.Api.csproj", "{FFBC0EF2-2ED4-449E-87A7-984E41D106D5}"
EndProject
Project("{2150E333-8FDC-42A3-9474-1A3956D46DE8}") = "Integration", "Integration", "{C4360B37-B63F-4B58-9E3D-A0300F4AC3B7}"
EndProject
Project("{2150E333-8FDC-42A3-9474-1A3956D46DE8}") = "Consumer", "Consumer", "{86AE8242-66D8-44CE-B381-A42FE208A5AB}"
EndProject
Project("{2150E333-8FDC-42A3-9474-1A3956D46DE8}") = "Sync", "Sync", "{C244B5F0-1974-4389-AC04-D481340DBC30}"
EndProject
Project("{9A19103F-16F7-4668-BE54-9A1E7A4F7556}") = "Booking.Infra.Data", "Booking.Infra.Data\Booking.Infra.Data.csproj", "{8628ABE1-2CD1-490A-A8DC-29F51C2542B3}"
EndProject
Project("{9A19103F-16F7-4668-BE54-9A1E7A4F7556}") = "Booking.Integration.Sync.Api", "Booking.Integration.Sync.Api\Booking.Integration.Sync.Api.csproj", "{0EA055FC-2813-483B-97B6-C25666D3FA64}"
EndProject
Project("{9A19103F-16F7-4668-BE54-9A1E7A4F7556}") = "Booking.Api.Core", "Booking.Api.Core\Booking.Api.Core.csproj", "{02CC8899-2C2F-4D9B-AAE9-F0050B6E8F23}"
EndProject
Project("{9A19103F-16F7-4668-BE54-9A1E7A4F7556}") = "Booking.Integration.Consumer.Worker", "Booking.Integration.Consumer.Worker\Booking.Integration.Consumer.Worker.csproj", "{B80F16D2-18C1-4BBA-9C9E-301DDB281266}"
EndProject
Global
	GlobalSection(SolutionConfigurationPlatforms) = preSolution
		Debug|Any CPU = Debug|Any CPU
		Release|Any CPU = Release|Any CPU
	EndGlobalSection
	GlobalSection(ProjectConfigurationPlatforms) = postSolution
		{A231A6AC-F7B1-4C63-9B50-AA0F23330A99}.Debug|Any CPU.ActiveCfg = Debug|Any CPU
		{A231A6AC-F7B1-4C63-9B50-AA0F23330A99}.Debug|Any CPU.Build.0 = Debug|Any CPU
		{A231A6AC-F7B1-4C63-9B50-AA0F23330A99}.Release|Any CPU.ActiveCfg = Release|Any CPU
		{A231A6AC-F7B1-4C63-9B50-AA0F23330A99}.Release|Any CPU.Build.0 = Release|Any CPU
		{FFBC0EF2-2ED4-449E-87A7-984E41D106D5}.Debug|Any CPU.ActiveCfg = Debug|Any CPU
		{FFBC0EF2-2ED4-449E-87A7-984E41D106D5}.Debug|Any CPU.Build.0 = Debug|Any CPU
		{FFBC0EF2-2ED4-449E-87A7-984E41D106D5}.Release|Any CPU.ActiveCfg = Release|Any CPU
		{FFBC0EF2-2ED4-449E-87A7-984E41D106D5}.Release|Any CPU.Build.0 = Release|Any CPU
		{8628ABE1-2CD1-490A-A8DC-29F51C2542B3}.Debug|Any CPU.ActiveCfg = Debug|Any CPU
		{8628ABE1-2CD1-490A-A8DC-29F51C2542B3}.Debug|Any CPU.Build.0 = Debug|Any CPU
		{8628ABE1-2CD1-490A-A8DC-29F51C2542B3}.Release|Any CPU.ActiveCfg = Release|Any CPU
		{8628ABE1-2CD1-490A-A8DC-29F51C2542B3}.Release|Any CPU.Build.0 = Release|Any CPU
		{0EA055FC-2813-483B-97B6-C25666D3FA64}.Debug|Any CPU.ActiveCfg = Debug|Any CPU
		{0EA055FC-2813-483B-97B6-C25666D3FA64}.Debug|Any CPU.Build.0 = Debug|Any CPU
		{0EA055FC-2813-483B-97B6-C25666D3FA64}.Release|Any CPU.ActiveCfg = Release|Any CPU
		{0EA055FC-2813-483B-97B6-C25666D3FA64}.Release|Any CPU.Build.0 = Release|Any CPU
		{02CC8899-2C2F-4D9B-AAE9-F0050B6E8F23}.Debug|Any CPU.ActiveCfg = Debug|Any CPU
		{02CC8899-2C2F-4D9B-AAE9-F0050B6E8F23}.Debug|Any CPU.Build.0 = Debug|Any CPU
		{02CC8899-2C2F-4D9B-AAE9-F0050B6E8F23}.Release|Any CPU.ActiveCfg = Release|Any CPU
		{02CC8899-2C2F-4D9B-AAE9-F0050B6E8F23}.Release|Any CPU.Build.0 = Release|Any CPU
		{B80F16D2-18C1-4BBA-9C9E-301DDB281266}.Debug|Any CPU.ActiveCfg = Debug|Any CPU
		{B80F16D2-18C1-4BBA-9C9E-301DDB281266}.Debug|Any CPU.Build.0 = Debug|Any CPU
		{B80F16D2-18C1-4BBA-9C9E-301DDB281266}.Release|Any CPU.ActiveCfg = Release|Any CPU
		{B80F16D2-18C1-4BBA-9C9E-301DDB281266}.Release|Any CPU.Build.0 = Release|Any CPU
	EndGlobalSection
	GlobalSection(SolutionProperties) = preSolution
		HideSolutionNode = FALSE
	EndGlobalSection
	GlobalSection(NestedProjects) = preSolution
		{3ED13776-1AB5-48F5-B6A7-F6D6C58E8595} = {5A3D24DA-06F4-4A3F-8259-14ECB27CE6E5}
		{4546CE25-3627-4281-8BAC-E81151507D07} = {5A3D24DA-06F4-4A3F-8259-14ECB27CE6E5}
		{2D340AB1-C8E4-42B5-9953-6B2A4EBA0566} = {4546CE25-3627-4281-8BAC-E81151507D07}
		{A231A6AC-F7B1-4C63-9B50-AA0F23330A99} = {2D340AB1-C8E4-42B5-9953-6B2A4EBA0566}
		{FFBC0EF2-2ED4-449E-87A7-984E41D106D5} = {2D340AB1-C8E4-42B5-9953-6B2A4EBA0566}
		{C4360B37-B63F-4B58-9E3D-A0300F4AC3B7} = {4546CE25-3627-4281-8BAC-E81151507D07}
		{86AE8242-66D8-44CE-B381-A42FE208A5AB} = {C4360B37-B63F-4B58-9E3D-A0300F4AC3B7}
		{C244B5F0-1974-4389-AC04-D481340DBC30} = {C4360B37-B63F-4B58-9E3D-A0300F4AC3B7}
		{8628ABE1-2CD1-490A-A8DC-29F51C2542B3} = {2D340AB1-C8E4-42B5-9953-6B2A4EBA0566}
		{0EA055FC-2813-483B-97B6-C25666D3FA64} = {C244B5F0-1974-4389-AC04-D481340DBC30}
		{02CC8899-2C2F-4D9B-AAE9-F0050B6E8F23} = {2D340AB1-C8E4-42B5-9953-6B2A4EBA0566}
		{B80F16D2-18C1-4BBA-9C9E-301DDB281266} = {86AE8242-66D8-44CE-B381-A42FE208A5AB}
	EndGlobalSection
	GlobalSection(ExtensibilityGlobals) = postSolution
		SolutionGuid = {F5D50212-89B1-4091-9265-1696A2F880E0}
	EndGlobalSection
EndGlobal
